
Microsoft Visual Studio Solution File, Format Version 12.00
# Visual Studio Version 17
VisualStudioVersion = 17.5.002.0
MinimumVisualStudioVersion = 10.0.40219.1
Project("{9A19103F-16F7-4668-BE54-9A1E7A4F7556}") = "joguinho", "joguinho\joguinho.csproj", "{395BD8B8-D91C-4632-803C-E5BA3E2748A2}"
EndProject
Global
	GlobalSection(SolutionConfigurationPlatforms) = preSolution
		Debug|Any CPU = Debug|Any CPU
		Release|Any CPU = Release|Any CPU
	EndGlobalSection
	GlobalSection(ProjectConfigurationPlatforms) = postSolution
		{395BD8B8-D91C-4632-803C-E5BA3E2748A2}.Debug|Any CPU.ActiveCfg = Debug|Any CPU
		{395BD8B8-D91C-4632-803C-E5BA3E2748A2}.Debug|Any CPU.Build.0 = Debug|Any CPU
		{395BD8B8-D91C-4632-803C-E5BA3E2748A2}.Release|Any CPU.ActiveCfg = Release|Any CPU
		{395BD8B8-D91C-4632-803C-E5BA3E2748A2}.Release|Any CPU.Build.0 = Release|Any CPU
	EndGlobalSection
	GlobalSection(SolutionProperties) = preSolution
		HideSolutionNode = FALSE
	EndGlobalSection
	GlobalSection(ExtensibilityGlobals) = postSolution
		SolutionGuid = {A0EAD1BE-72BC-45EC-BCB7-441F11BB4155}
	EndGlobalSection
EndGlobal
